
Microsoft Visual Studio Solution File, Format Version 12.00
# Visual Studio Version 17
VisualStudioVersion = 17.0.31903.59
MinimumVisualStudioVersion = 10.0.40219.1
Project("{2150E333-8FDC-42A3-9474-1A3956D46DE8}") = "src", "src", "{906DD805-C375-43C4-A95F-584F00D0D6DC}"
EndProject
Project("{9A19103F-16F7-4668-BE54-9A1E7A4F7556}") = "Test.WebApi", "src\Test.WebApi\Test.WebApi.csproj", "{D44D7499-126A-4886-9329-0CA35E60A3C1}"
EndProject
Project("{2150E333-8FDC-42A3-9474-1A3956D46DE8}") = "Solution Items", "Solution Items", "{978CF9A8-985D-4997-B713-753D7A963D46}"
	ProjectSection(SolutionItems) = preProject
		.editorconfig = .editorconfig
		.gitattributes = .gitattributes
		.gitignore = .gitignore
		Directory.Build.props = Directory.Build.props
		pull_request_template.md = pull_request_template.md
		README.md = README.md
	EndProjectSection
EndProject
Project("{9A19103F-16F7-4668-BE54-9A1E7A4F7556}") = "Test.Services", "src\Test.Services\Test.Services.csproj", "{9E632F54-84A5-4FE9-8E8F-37BBF459DB7C}"
EndProject
Project("{9A19103F-16F7-4668-BE54-9A1E7A4F7556}") = "Test.DataAccess", "src\Test.DataAccess\Test.DataAccess.csproj", "{2181A27D-B7C8-4DDC-A4AD-B39E6BB76992}"
EndProject
Project("{FAE04EC0-301F-11D3-BF4B-00C04F79EFBC}") = "Test.WebApi", "Test.WebApi\Test.WebApi.csproj", "{BD308504-B15C-4D62-90DD-826CD2B7EC4A}"
EndProject
Global
	GlobalSection(SolutionConfigurationPlatforms) = preSolution
		Debug|Any CPU = Debug|Any CPU
		Debug|x64 = Debug|x64
		Debug|x86 = Debug|x86
		Release|Any CPU = Release|Any CPU
		Release|x64 = Release|x64
		Release|x86 = Release|x86
	EndGlobalSection
	GlobalSection(ProjectConfigurationPlatforms) = postSolution
		{D44D7499-126A-4886-9329-0CA35E60A3C1}.Debug|Any CPU.ActiveCfg = Debug|Any CPU
		{D44D7499-126A-4886-9329-0CA35E60A3C1}.Debug|Any CPU.Build.0 = Debug|Any CPU
		{D44D7499-126A-4886-9329-0CA35E60A3C1}.Debug|x64.ActiveCfg = Debug|Any CPU
		{D44D7499-126A-4886-9329-0CA35E60A3C1}.Debug|x64.Build.0 = Debug|Any CPU
		{D44D7499-126A-4886-9329-0CA35E60A3C1}.Debug|x86.ActiveCfg = Debug|Any CPU
		{D44D7499-126A-4886-9329-0CA35E60A3C1}.Debug|x86.Build.0 = Debug|Any CPU
		{D44D7499-126A-4886-9329-0CA35E60A3C1}.Release|Any CPU.ActiveCfg = Release|Any CPU
		{D44D7499-126A-4886-9329-0CA35E60A3C1}.Release|Any CPU.Build.0 = Release|Any CPU
		{D44D7499-126A-4886-9329-0CA35E60A3C1}.Release|x64.ActiveCfg = Release|Any CPU
		{D44D7499-126A-4886-9329-0CA35E60A3C1}.Release|x64.Build.0 = Release|Any CPU
		{D44D7499-126A-4886-9329-0CA35E60A3C1}.Release|x86.ActiveCfg = Release|Any CPU
		{D44D7499-126A-4886-9329-0CA35E60A3C1}.Release|x86.Build.0 = Release|Any CPU
		{9E632F54-84A5-4FE9-8E8F-37BBF459DB7C}.Debug|Any CPU.ActiveCfg = Debug|Any CPU
		{9E632F54-84A5-4FE9-8E8F-37BBF459DB7C}.Debug|Any CPU.Build.0 = Debug|Any CPU
		{9E632F54-84A5-4FE9-8E8F-37BBF459DB7C}.Debug|x64.ActiveCfg = Debug|Any CPU
		{9E632F54-84A5-4FE9-8E8F-37BBF459DB7C}.Debug|x64.Build.0 = Debug|Any CPU
		{9E632F54-84A5-4FE9-8E8F-37BBF459DB7C}.Debug|x86.ActiveCfg = Debug|Any CPU
		{9E632F54-84A5-4FE9-8E8F-37BBF459DB7C}.Debug|x86.Build.0 = Debug|Any CPU
		{9E632F54-84A5-4FE9-8E8F-37BBF459DB7C}.Release|Any CPU.ActiveCfg = Release|Any CPU
		{9E632F54-84A5-4FE9-8E8F-37BBF459DB7C}.Release|Any CPU.Build.0 = Release|Any CPU
		{9E632F54-84A5-4FE9-8E8F-37BBF459DB7C}.Release|x64.ActiveCfg = Release|Any CPU
		{9E632F54-84A5-4FE9-8E8F-37BBF459DB7C}.Release|x64.Build.0 = Release|Any CPU
		{9E632F54-84A5-4FE9-8E8F-37BBF459DB7C}.Release|x86.ActiveCfg = Release|Any CPU
		{9E632F54-84A5-4FE9-8E8F-37BBF459DB7C}.Release|x86.Build.0 = Release|Any CPU
		{2181A27D-B7C8-4DDC-A4AD-B39E6BB76992}.Debug|Any CPU.ActiveCfg = Debug|Any CPU
		{2181A27D-B7C8-4DDC-A4AD-B39E6BB76992}.Debug|Any CPU.Build.0 = Debug|Any CPU
		{2181A27D-B7C8-4DDC-A4AD-B39E6BB76992}.Debug|x64.ActiveCfg = Debug|Any CPU
		{2181A27D-B7C8-4DDC-A4AD-B39E6BB76992}.Debug|x64.Build.0 = Debug|Any CPU
		{2181A27D-B7C8-4DDC-A4AD-B39E6BB76992}.Debug|x86.ActiveCfg = Debug|Any CPU
		{2181A27D-B7C8-4DDC-A4AD-B39E6BB76992}.Debug|x86.Build.0 = Debug|Any CPU
		{2181A27D-B7C8-4DDC-A4AD-B39E6BB76992}.Release|Any CPU.ActiveCfg = Release|Any CPU
		{2181A27D-B7C8-4DDC-A4AD-B39E6BB76992}.Release|Any CPU.Build.0 = Release|Any CPU
		{2181A27D-B7C8-4DDC-A4AD-B39E6BB76992}.Release|x64.ActiveCfg = Release|Any CPU
		{2181A27D-B7C8-4DDC-A4AD-B39E6BB76992}.Release|x64.Build.0 = Release|Any CPU
		{2181A27D-B7C8-4DDC-A4AD-B39E6BB76992}.Release|x86.ActiveCfg = Release|Any CPU
		{2181A27D-B7C8-4DDC-A4AD-B39E6BB76992}.Release|x86.Build.0 = Release|Any CPU
		{BD308504-B15C-4D62-90DD-826CD2B7EC4A}.Debug|Any CPU.ActiveCfg = Debug|Any CPU
		{BD308504-B15C-4D62-90DD-826CD2B7EC4A}.Debug|Any CPU.Build.0 = Debug|Any CPU
		{BD308504-B15C-4D62-90DD-826CD2B7EC4A}.Debug|x64.ActiveCfg = Debug|Any CPU
		{BD308504-B15C-4D62-90DD-826CD2B7EC4A}.Debug|x64.Build.0 = Debug|Any CPU
		{BD308504-B15C-4D62-90DD-826CD2B7EC4A}.Debug|x86.ActiveCfg = Debug|Any CPU
		{BD308504-B15C-4D62-90DD-826CD2B7EC4A}.Debug|x86.Build.0 = Debug|Any CPU
		{BD308504-B15C-4D62-90DD-826CD2B7EC4A}.Release|Any CPU.ActiveCfg = Release|Any CPU
		{BD308504-B15C-4D62-90DD-826CD2B7EC4A}.Release|Any CPU.Build.0 = Release|Any CPU
		{BD308504-B15C-4D62-90DD-826CD2B7EC4A}.Release|x64.ActiveCfg = Release|Any CPU
		{BD308504-B15C-4D62-90DD-826CD2B7EC4A}.Release|x64.Build.0 = Release|Any CPU
		{BD308504-B15C-4D62-90DD-826CD2B7EC4A}.Release|x86.ActiveCfg = Release|Any CPU
		{BD308504-B15C-4D62-90DD-826CD2B7EC4A}.Release|x86.Build.0 = Release|Any CPU
	EndGlobalSection
	GlobalSection(SolutionProperties) = preSolution
		HideSolutionNode = FALSE
	EndGlobalSection
	GlobalSection(NestedProjects) = preSolution
		{D44D7499-126A-4886-9329-0CA35E60A3C1} = {906DD805-C375-43C4-A95F-584F00D0D6DC}
		{9E632F54-84A5-4FE9-8E8F-37BBF459DB7C} = {906DD805-C375-43C4-A95F-584F00D0D6DC}
		{2181A27D-B7C8-4DDC-A4AD-B39E6BB76992} = {906DD805-C375-43C4-A95F-584F00D0D6DC}
	EndGlobalSection
	GlobalSection(ExtensibilityGlobals) = postSolution
		SolutionGuid = {35690522-C01A-46E8-9540-5BF5623B5CEB}
	EndGlobalSection
EndGlobal
